{
  "name": "@werker/api-cli",
  "version": "0.1.0",
  "lockfileVersion": 3,
  "requires": true,
  "packages": {
    "": {
      "name": "@werker/api-cli",
      "version": "0.1.0",
      "license": "MIT",
      "bin": {
        "werker": "bin/werker.mjs"
      },
      "engines": {
        "node": ">=20"
      }
    }
  }
}
